{
  "requires": true,
  "lockfileVersion": 1,
  "dependencies": {
    "@angular/language-service": {
      "version": "10.0.3",
      "resolved": "https://registry.npmjs.org/@angular/language-service/-/language-service-10.0.3.tgz",
      "integrity": "sha512-xT5utLyPpcicVIYkM2cngVloxIyYLQZ+rnH4nqjq4QGbboezPC2MBsVpivRGFN7p8xHtNysGeOZc8O8FuWthhg=="
    }
  }
}
